
Microsoft Visual Studio Solution File, Format Version 12.00
# Visual Studio Version 16
VisualStudioVersion = 16.0.30225.117
MinimumVisualStudioVersion = 10.0.40219.1
Project("{FAE04EC0-301F-11D3-BF4B-00C04F79EFBC}") = "IntegralType", "IntegralType\IntegralType.csproj", "{4F923E41-C8A5-40F0-96FC-D6D35536525B}"
EndProject
Global
	GlobalSection(SolutionConfigurationPlatforms) = preSolution
		Debug|Any CPU = Debug|Any CPU
		Release|Any CPU = Release|Any CPU
	EndGlobalSection
	GlobalSection(ProjectConfigurationPlatforms) = postSolution
		{4F923E41-C8A5-40F0-96FC-D6D35536525B}.Debug|Any CPU.ActiveCfg = Debug|Any CPU
		{4F923E41-C8A5-40F0-96FC-D6D35536525B}.Debug|Any CPU.Build.0 = Debug|Any CPU
		{4F923E41-C8A5-40F0-96FC-D6D35536525B}.Release|Any CPU.ActiveCfg = Release|Any CPU
		{4F923E41-C8A5-40F0-96FC-D6D35536525B}.Release|Any CPU.Build.0 = Release|Any CPU
	EndGlobalSection
	GlobalSection(SolutionProperties) = preSolution
		HideSolutionNode = FALSE
	EndGlobalSection
	GlobalSection(ExtensibilityGlobals) = postSolution
		SolutionGuid = {093DE117-E268-4366-8E0A-34352B208927}
	EndGlobalSection
EndGlobal
