
Microsoft Visual Studio Solution File, Format Version 12.00
# Visual Studio Version 16
VisualStudioVersion = 16.0.30225.117
MinimumVisualStudioVersion = 10.0.40219.1
Project("{FAE04EC0-301F-11D3-BF4B-00C04F79EFBC}") = "HelloApp", "HelloApp\HelloApp.csproj", "{DDD6728F-55BE-42E6-831F-65451F8BCE78}"
EndProject
Project("{FAE04EC0-301F-11D3-BF4B-00C04F79EFBC}") = "IntegralType", "IntegralType\IntegralType.csproj", "{A0D52AE4-4552-4FF0-817A-0F5F7763A860}"
EndProject
Project("{FAE04EC0-301F-11D3-BF4B-00C04F79EFBC}") = "IntegralLiterals", "IntegralLiterals\IntegralLiterals.csproj", "{88FEE315-3887-42A8-B1A2-2E36B01E4A46}"
EndProject
Project("{FAE04EC0-301F-11D3-BF4B-00C04F79EFBC}") = "IntegralMaxMin", "IntegralMaxMin\IntegralMaxMin.csproj", "{3D955C04-135F-4869-9324-01295FE2A1BC}"
EndProject
Project("{FAE04EC0-301F-11D3-BF4B-00C04F79EFBC}") = "OverFlow", "OverFlow\OverFlow.csproj", "{E6A7CEC7-B784-4787-9A27-0E3B505AEA07}"
EndProject
Project("{FAE04EC0-301F-11D3-BF4B-00C04F79EFBC}") = "BoxingUnBoxing", "BoxingUnBoxing\BoxingUnBoxing.csproj", "{ECF7EFD6-A048-430A-A81B-3D22CE564F9C}"
EndProject
Project("{FAE04EC0-301F-11D3-BF4B-00C04F79EFBC}") = "IntegralConversion", "IntegralConversion\IntegralConversion.csproj", "{C8DDEA9C-9086-4236-A5D8-F045225884AC}"
EndProject
Project("{2150E333-8FDC-42A3-9474-1A3956D46DE8}") = "Chap01", "Chap01", "{E9DFCC32-E146-442C-AA2D-00A7EC971B54}"
EndProject
Project("{2150E333-8FDC-42A3-9474-1A3956D46DE8}") = "Chap02", "Chap02", "{D9576BFC-3738-4F36-9FE1-92665E9F265F}"
EndProject
Project("{2150E333-8FDC-42A3-9474-1A3956D46DE8}") = "Chap03", "Chap03", "{D48CEA7B-784D-480B-B99E-8248C3993997}"
EndProject
Project("{FAE04EC0-301F-11D3-BF4B-00C04F79EFBC}") = "StringNumberConversion", "StringNumberConversion\StringNumberConversion.csproj", "{646F2593-BC5F-4505-95BB-DE29FC85F73E}"
EndProject
Global
	GlobalSection(SolutionConfigurationPlatforms) = preSolution
		Debug|Any CPU = Debug|Any CPU
		Release|Any CPU = Release|Any CPU
	EndGlobalSection
	GlobalSection(ProjectConfigurationPlatforms) = postSolution
		{DDD6728F-55BE-42E6-831F-65451F8BCE78}.Debug|Any CPU.ActiveCfg = Debug|Any CPU
		{DDD6728F-55BE-42E6-831F-65451F8BCE78}.Debug|Any CPU.Build.0 = Debug|Any CPU
		{DDD6728F-55BE-42E6-831F-65451F8BCE78}.Release|Any CPU.ActiveCfg = Release|Any CPU
		{DDD6728F-55BE-42E6-831F-65451F8BCE78}.Release|Any CPU.Build.0 = Release|Any CPU
		{A0D52AE4-4552-4FF0-817A-0F5F7763A860}.Debug|Any CPU.ActiveCfg = Debug|Any CPU
		{A0D52AE4-4552-4FF0-817A-0F5F7763A860}.Debug|Any CPU.Build.0 = Debug|Any CPU
		{A0D52AE4-4552-4FF0-817A-0F5F7763A860}.Release|Any CPU.ActiveCfg = Release|Any CPU
		{A0D52AE4-4552-4FF0-817A-0F5F7763A860}.Release|Any CPU.Build.0 = Release|Any CPU
		{88FEE315-3887-42A8-B1A2-2E36B01E4A46}.Debug|Any CPU.ActiveCfg = Debug|Any CPU
		{88FEE315-3887-42A8-B1A2-2E36B01E4A46}.Debug|Any CPU.Build.0 = Debug|Any CPU
		{88FEE315-3887-42A8-B1A2-2E36B01E4A46}.Release|Any CPU.ActiveCfg = Release|Any CPU
		{88FEE315-3887-42A8-B1A2-2E36B01E4A46}.Release|Any CPU.Build.0 = Release|Any CPU
		{3D955C04-135F-4869-9324-01295FE2A1BC}.Debug|Any CPU.ActiveCfg = Debug|Any CPU
		{3D955C04-135F-4869-9324-01295FE2A1BC}.Debug|Any CPU.Build.0 = Debug|Any CPU
		{3D955C04-135F-4869-9324-01295FE2A1BC}.Release|Any CPU.ActiveCfg = Release|Any CPU
		{3D955C04-135F-4869-9324-01295FE2A1BC}.Release|Any CPU.Build.0 = Release|Any CPU
		{E6A7CEC7-B784-4787-9A27-0E3B505AEA07}.Debug|Any CPU.ActiveCfg = Debug|Any CPU
		{E6A7CEC7-B784-4787-9A27-0E3B505AEA07}.Debug|Any CPU.Build.0 = Debug|Any CPU
		{E6A7CEC7-B784-4787-9A27-0E3B505AEA07}.Release|Any CPU.ActiveCfg = Release|Any CPU
		{E6A7CEC7-B784-4787-9A27-0E3B505AEA07}.Release|Any CPU.Build.0 = Release|Any CPU
		{ECF7EFD6-A048-430A-A81B-3D22CE564F9C}.Debug|Any CPU.ActiveCfg = Debug|Any CPU
		{ECF7EFD6-A048-430A-A81B-3D22CE564F9C}.Debug|Any CPU.Build.0 = Debug|Any CPU
		{ECF7EFD6-A048-430A-A81B-3D22CE564F9C}.Release|Any CPU.ActiveCfg = Release|Any CPU
		{ECF7EFD6-A048-430A-A81B-3D22CE564F9C}.Release|Any CPU.Build.0 = Release|Any CPU
		{C8DDEA9C-9086-4236-A5D8-F045225884AC}.Debug|Any CPU.ActiveCfg = Debug|Any CPU
		{C8DDEA9C-9086-4236-A5D8-F045225884AC}.Debug|Any CPU.Build.0 = Debug|Any CPU
		{C8DDEA9C-9086-4236-A5D8-F045225884AC}.Release|Any CPU.ActiveCfg = Release|Any CPU
		{C8DDEA9C-9086-4236-A5D8-F045225884AC}.Release|Any CPU.Build.0 = Release|Any CPU
		{646F2593-BC5F-4505-95BB-DE29FC85F73E}.Debug|Any CPU.ActiveCfg = Debug|Any CPU
		{646F2593-BC5F-4505-95BB-DE29FC85F73E}.Debug|Any CPU.Build.0 = Debug|Any CPU
		{646F2593-BC5F-4505-95BB-DE29FC85F73E}.Release|Any CPU.ActiveCfg = Release|Any CPU
		{646F2593-BC5F-4505-95BB-DE29FC85F73E}.Release|Any CPU.Build.0 = Release|Any CPU
	EndGlobalSection
	GlobalSection(SolutionProperties) = preSolution
		HideSolutionNode = FALSE
	EndGlobalSection
	GlobalSection(NestedProjects) = preSolution
		{DDD6728F-55BE-42E6-831F-65451F8BCE78} = {E9DFCC32-E146-442C-AA2D-00A7EC971B54}
		{A0D52AE4-4552-4FF0-817A-0F5F7763A860} = {E9DFCC32-E146-442C-AA2D-00A7EC971B54}
		{88FEE315-3887-42A8-B1A2-2E36B01E4A46} = {E9DFCC32-E146-442C-AA2D-00A7EC971B54}
		{3D955C04-135F-4869-9324-01295FE2A1BC} = {E9DFCC32-E146-442C-AA2D-00A7EC971B54}
		{E6A7CEC7-B784-4787-9A27-0E3B505AEA07} = {D9576BFC-3738-4F36-9FE1-92665E9F265F}
		{ECF7EFD6-A048-430A-A81B-3D22CE564F9C} = {D9576BFC-3738-4F36-9FE1-92665E9F265F}
		{C8DDEA9C-9086-4236-A5D8-F045225884AC} = {D9576BFC-3738-4F36-9FE1-92665E9F265F}
		{646F2593-BC5F-4505-95BB-DE29FC85F73E} = {D48CEA7B-784D-480B-B99E-8248C3993997}
	EndGlobalSection
	GlobalSection(ExtensibilityGlobals) = postSolution
		SolutionGuid = {71FAA84F-7451-4D20-92D6-4EC62D4D8E4F}
	EndGlobalSection
EndGlobal
